
Microsoft Visual Studio Solution File, Format Version 12.00
Project("{FAE04EC0-301F-11D3-BF4B-00C04F79EFBC}") = "octoPancake", "octoPancake\octoPancake.csproj", "{77ABE88D-7654-42BF-A856-4475794BD64B}"
EndProject
Global
	GlobalSection(SolutionConfigurationPlatforms) = preSolution
		Debug|Any CPU = Debug|Any CPU
		Release|Any CPU = Release|Any CPU
	EndGlobalSection
	GlobalSection(ProjectConfigurationPlatforms) = postSolution
		{77ABE88D-7654-42BF-A856-4475794BD64B}.Debug|Any CPU.ActiveCfg = Debug|Any CPU
		{77ABE88D-7654-42BF-A856-4475794BD64B}.Debug|Any CPU.Build.0 = Debug|Any CPU
		{77ABE88D-7654-42BF-A856-4475794BD64B}.Release|Any CPU.ActiveCfg = Release|Any CPU
		{77ABE88D-7654-42BF-A856-4475794BD64B}.Release|Any CPU.Build.0 = Release|Any CPU
	EndGlobalSection
EndGlobal
